
Microsoft Visual Studio Solution File, Format Version 12.00
# Visual Studio Version 17
VisualStudioVersion = 17.0.31808.319
MinimumVisualStudioVersion = 10.0.40219.1
Project("{FAE04EC0-301F-11D3-BF4B-00C04F79EFBC}") = "RestaurantRater", "RestaurantRater\RestaurantRater.csproj", "{850FAA22-8319-4DE0-A1E6-7FA11FECE771}"
EndProject
Global
	GlobalSection(SolutionConfigurationPlatforms) = preSolution
		Debug|Any CPU = Debug|Any CPU
		Release|Any CPU = Release|Any CPU
	EndGlobalSection
	GlobalSection(ProjectConfigurationPlatforms) = postSolution
		{850FAA22-8319-4DE0-A1E6-7FA11FECE771}.Debug|Any CPU.ActiveCfg = Debug|Any CPU
		{850FAA22-8319-4DE0-A1E6-7FA11FECE771}.Debug|Any CPU.Build.0 = Debug|Any CPU
		{850FAA22-8319-4DE0-A1E6-7FA11FECE771}.Release|Any CPU.ActiveCfg = Release|Any CPU
		{850FAA22-8319-4DE0-A1E6-7FA11FECE771}.Release|Any CPU.Build.0 = Release|Any CPU
	EndGlobalSection
	GlobalSection(SolutionProperties) = preSolution
		HideSolutionNode = FALSE
	EndGlobalSection
	GlobalSection(ExtensibilityGlobals) = postSolution
		SolutionGuid = {C897989F-85E2-4B18-A3CE-8BBB039300D8}
	EndGlobalSection
EndGlobal
